
Microsoft Visual Studio Solution File, Format Version 12.00
# Visual Studio Version 16
VisualStudioVersion = 16.0.31005.135
MinimumVisualStudioVersion = 10.0.40219.1
Project("{FAE04EC0-301F-11D3-BF4B-00C04F79EFBC}") = "Ex9EnumComp", "Ex9EnumComp\Ex9EnumComp.csproj", "{C6671567-6A0A-406F-9FCC-C27E6C532C18}"
EndProject
Global
	GlobalSection(SolutionConfigurationPlatforms) = preSolution
		Debug|Any CPU = Debug|Any CPU
		Release|Any CPU = Release|Any CPU
	EndGlobalSection
	GlobalSection(ProjectConfigurationPlatforms) = postSolution
		{C6671567-6A0A-406F-9FCC-C27E6C532C18}.Debug|Any CPU.ActiveCfg = Debug|Any CPU
		{C6671567-6A0A-406F-9FCC-C27E6C532C18}.Debug|Any CPU.Build.0 = Debug|Any CPU
		{C6671567-6A0A-406F-9FCC-C27E6C532C18}.Release|Any CPU.ActiveCfg = Release|Any CPU
		{C6671567-6A0A-406F-9FCC-C27E6C532C18}.Release|Any CPU.Build.0 = Release|Any CPU
	EndGlobalSection
	GlobalSection(SolutionProperties) = preSolution
		HideSolutionNode = FALSE
	EndGlobalSection
	GlobalSection(ExtensibilityGlobals) = postSolution
		SolutionGuid = {2DE16E1F-13C0-4061-B4E5-FA4CA531C5B5}
	EndGlobalSection
EndGlobal
